
Microsoft Visual Studio Solution File, Format Version 12.00
# Visual Studio Version 17
VisualStudioVersion = 17.3.32929.385
MinimumVisualStudioVersion = 10.0.40219.1
Project("{8BC9CEB8-8B4A-11D0-8D11-00A0C91BC942}") = "Hw8z1", "Hw8z1.vcxproj", "{21367A72-B941-435A-A796-2BD9C0D217EE}"
EndProject
Global
	GlobalSection(SolutionConfigurationPlatforms) = preSolution
		Debug|x64 = Debug|x64
		Debug|x86 = Debug|x86
		Release|x64 = Release|x64
		Release|x86 = Release|x86
	EndGlobalSection
	GlobalSection(ProjectConfigurationPlatforms) = postSolution
		{21367A72-B941-435A-A796-2BD9C0D217EE}.Debug|x64.ActiveCfg = Debug|x64
		{21367A72-B941-435A-A796-2BD9C0D217EE}.Debug|x64.Build.0 = Debug|x64
		{21367A72-B941-435A-A796-2BD9C0D217EE}.Debug|x86.ActiveCfg = Debug|Win32
		{21367A72-B941-435A-A796-2BD9C0D217EE}.Debug|x86.Build.0 = Debug|Win32
		{21367A72-B941-435A-A796-2BD9C0D217EE}.Release|x64.ActiveCfg = Release|x64
		{21367A72-B941-435A-A796-2BD9C0D217EE}.Release|x64.Build.0 = Release|x64
		{21367A72-B941-435A-A796-2BD9C0D217EE}.Release|x86.ActiveCfg = Release|Win32
		{21367A72-B941-435A-A796-2BD9C0D217EE}.Release|x86.Build.0 = Release|Win32
	EndGlobalSection
	GlobalSection(SolutionProperties) = preSolution
		HideSolutionNode = FALSE
	EndGlobalSection
	GlobalSection(ExtensibilityGlobals) = postSolution
		SolutionGuid = {5F1008CC-62D0-4991-AE84-0992045B5740}
	EndGlobalSection
EndGlobal
